
Microsoft Visual Studio Solution File, Format Version 12.00
# Visual Studio Version 17
VisualStudioVersion = 17.14.36414.22 d17.14
MinimumVisualStudioVersion = 10.0.40219.1
Project("{FAE04EC0-301F-11D3-BF4B-00C04F79EFBC}") = "ManagementSystemLibrary", "ManagementSystemLibrary.csproj", "{88A6517E-4F82-470B-B607-6AF4FF615778}"
EndProject
Global
	GlobalSection(SolutionConfigurationPlatforms) = preSolution
		Debug|Any CPU = Debug|Any CPU
		Release|Any CPU = Release|Any CPU
	EndGlobalSection
	GlobalSection(ProjectConfigurationPlatforms) = postSolution
		{88A6517E-4F82-470B-B607-6AF4FF615778}.Debug|Any CPU.ActiveCfg = Debug|Any CPU
		{88A6517E-4F82-470B-B607-6AF4FF615778}.Debug|Any CPU.Build.0 = Debug|Any CPU
		{88A6517E-4F82-470B-B607-6AF4FF615778}.Release|Any CPU.ActiveCfg = Release|Any CPU
		{88A6517E-4F82-470B-B607-6AF4FF615778}.Release|Any CPU.Build.0 = Release|Any CPU
	EndGlobalSection
	GlobalSection(SolutionProperties) = preSolution
		HideSolutionNode = FALSE
	EndGlobalSection
	GlobalSection(ExtensibilityGlobals) = postSolution
		SolutionGuid = {994C552F-CE2A-4B94-895F-43D346A180B2}
	EndGlobalSection
EndGlobal
